
Microsoft Visual Studio Solution File, Format Version 12.00
Project("{FAE04EC0-301F-11D3-BF4B-00C04F79EFBC}") = "Day1", "Day1\Day1.csproj", "{8CD47C42-8568-411F-81C7-15356B69B2C8}"
EndProject
Project("{FAE04EC0-301F-11D3-BF4B-00C04F79EFBC}") = "_Template", "_Template\_Template.csproj", "{C47893C2-E596-43F3-98FF-5E5B82E508D9}"
EndProject
Project("{FAE04EC0-301F-11D3-BF4B-00C04F79EFBC}") = "Day2", "Day2\Day2.csproj", "{987B8C98-B6A3-4C6D-A0A5-83FF0666136D}"
EndProject
Project("{FAE04EC0-301F-11D3-BF4B-00C04F79EFBC}") = "Day3", "Day3\Day3.csproj", "{E3B1E257-B054-4981-91E0-57DEB35377C6}"
EndProject
Global
	GlobalSection(SolutionConfigurationPlatforms) = preSolution
		Debug|Any CPU = Debug|Any CPU
		Release|Any CPU = Release|Any CPU
	EndGlobalSection
	GlobalSection(ProjectConfigurationPlatforms) = postSolution
		{8CD47C42-8568-411F-81C7-15356B69B2C8}.Debug|Any CPU.ActiveCfg = Debug|Any CPU
		{8CD47C42-8568-411F-81C7-15356B69B2C8}.Debug|Any CPU.Build.0 = Debug|Any CPU
		{8CD47C42-8568-411F-81C7-15356B69B2C8}.Release|Any CPU.ActiveCfg = Release|Any CPU
		{8CD47C42-8568-411F-81C7-15356B69B2C8}.Release|Any CPU.Build.0 = Release|Any CPU
		{C47893C2-E596-43F3-98FF-5E5B82E508D9}.Debug|Any CPU.ActiveCfg = Debug|Any CPU
		{C47893C2-E596-43F3-98FF-5E5B82E508D9}.Debug|Any CPU.Build.0 = Debug|Any CPU
		{C47893C2-E596-43F3-98FF-5E5B82E508D9}.Release|Any CPU.ActiveCfg = Release|Any CPU
		{C47893C2-E596-43F3-98FF-5E5B82E508D9}.Release|Any CPU.Build.0 = Release|Any CPU
		{987B8C98-B6A3-4C6D-A0A5-83FF0666136D}.Debug|Any CPU.ActiveCfg = Debug|Any CPU
		{987B8C98-B6A3-4C6D-A0A5-83FF0666136D}.Debug|Any CPU.Build.0 = Debug|Any CPU
		{987B8C98-B6A3-4C6D-A0A5-83FF0666136D}.Release|Any CPU.ActiveCfg = Release|Any CPU
		{987B8C98-B6A3-4C6D-A0A5-83FF0666136D}.Release|Any CPU.Build.0 = Release|Any CPU
		{E3B1E257-B054-4981-91E0-57DEB35377C6}.Debug|Any CPU.ActiveCfg = Debug|Any CPU
		{E3B1E257-B054-4981-91E0-57DEB35377C6}.Debug|Any CPU.Build.0 = Debug|Any CPU
		{E3B1E257-B054-4981-91E0-57DEB35377C6}.Release|Any CPU.ActiveCfg = Release|Any CPU
		{E3B1E257-B054-4981-91E0-57DEB35377C6}.Release|Any CPU.Build.0 = Release|Any CPU
	EndGlobalSection
EndGlobal
