
Microsoft Visual Studio Solution File, Format Version 12.00
Project("{FAE04EC0-301F-11D3-BF4B-00C04F79EFBC}") = "Day1", "Day1\Day1.csproj", "{8CD47C42-8568-411F-81C7-15356B69B2C8}"
EndProject
Project("{FAE04EC0-301F-11D3-BF4B-00C04F79EFBC}") = "_Template", "_Template\_Template.csproj", "{C47893C2-E596-43F3-98FF-5E5B82E508D9}"
EndProject
Project("{FAE04EC0-301F-11D3-BF4B-00C04F79EFBC}") = "Day2", "Day2\Day2.csproj", "{987B8C98-B6A3-4C6D-A0A5-83FF0666136D}"
EndProject
Project("{FAE04EC0-301F-11D3-BF4B-00C04F79EFBC}") = "Day3", "Day3\Day3.csproj", "{E3B1E257-B054-4981-91E0-57DEB35377C6}"
EndProject
Project("{FAE04EC0-301F-11D3-BF4B-00C04F79EFBC}") = "_Benchmark", "_Benchmark\_Benchmark.csproj", "{4749FDF9-5DA7-4161-A3C1-C886BE2F951D}"
EndProject
Project("{FAE04EC0-301F-11D3-BF4B-00C04F79EFBC}") = "Day4", "Day4\Day4.csproj", "{16C5ED07-1047-4AD6-8552-FDFE12AEDE29}"
EndProject
Project("{FAE04EC0-301F-11D3-BF4B-00C04F79EFBC}") = "Day5", "Day5\Day5.csproj", "{A0EC7AC0-BC42-4BB7-BE49-66EF35E7C140}"
EndProject
Project("{FAE04EC0-301F-11D3-BF4B-00C04F79EFBC}") = "Day6", "Day6\Day6.csproj", "{3C2B7DA6-982D-4C3F-A999-745042946C9F}"
EndProject
Project("{FAE04EC0-301F-11D3-BF4B-00C04F79EFBC}") = "Day7", "Day7\Day7.csproj", "{BD2B90E9-EE6E-46DB-997A-60EEEDC06348}"
EndProject
Project("{FAE04EC0-301F-11D3-BF4B-00C04F79EFBC}") = "Day8", "Day8\Day8.csproj", "{E11B699E-2F0B-4E38-ABE5-675EDC0C39F1}"
EndProject
Project("{FAE04EC0-301F-11D3-BF4B-00C04F79EFBC}") = "Day9", "Day9\Day9.csproj", "{90EBA86D-E7DA-433C-9B29-C23A83B567A6}"
EndProject
Project("{FAE04EC0-301F-11D3-BF4B-00C04F79EFBC}") = "Day10", "Day10\Day10.csproj", "{8410998F-B1DA-43C1-9DFA-2FE16EC23666}"
EndProject
Project("{FAE04EC0-301F-11D3-BF4B-00C04F79EFBC}") = "Day11", "Day11\Day11.csproj", "{C4E3B0A7-922B-4578-922A-083F4CB81A0B}"
EndProject
Project("{FAE04EC0-301F-11D3-BF4B-00C04F79EFBC}") = "Day12", "Day12\Day12.csproj", "{2EC5C07A-3756-4CAE-8AFA-826D683AE450}"
EndProject
Project("{FAE04EC0-301F-11D3-BF4B-00C04F79EFBC}") = "Day13", "Day13\Day13.csproj", "{AA816593-A7D1-4D50-BB07-4F5273D83848}"
EndProject
Project("{FAE04EC0-301F-11D3-BF4B-00C04F79EFBC}") = "Day14", "Day14\Day14.csproj", "{595A7269-FACB-4CD7-81A2-553E73EB66A1}"
EndProject
Project("{FAE04EC0-301F-11D3-BF4B-00C04F79EFBC}") = "Day15", "Day15\Day15.csproj", "{C12D7107-4941-45D0-830A-DDDF0C7FA1F3}"
EndProject
Project("{FAE04EC0-301F-11D3-BF4B-00C04F79EFBC}") = "Day16", "Day16\Day16.csproj", "{DCF4174B-A1AE-4B84-B94A-7B129AE11AD0}"
EndProject
Project("{FAE04EC0-301F-11D3-BF4B-00C04F79EFBC}") = "Day17", "Day17\Day17.csproj", "{0164AFA7-71C9-42FB-A430-E5DC18419CAD}"
EndProject
Project("{FAE04EC0-301F-11D3-BF4B-00C04F79EFBC}") = "Day18", "Day18\Day18.csproj", "{43BB19FF-7B60-4BF7-B268-3B2F9C727B5F}"
EndProject
Project("{FAE04EC0-301F-11D3-BF4B-00C04F79EFBC}") = "Day19", "Day19\Day19.csproj", "{93952764-1F02-4751-9805-9F8E6A0DEBB0}"
EndProject
Project("{FAE04EC0-301F-11D3-BF4B-00C04F79EFBC}") = "Day20", "Day20\Day20.csproj", "{5A5FF4BD-CBE7-4BE1-8772-A5E1E889A550}"
EndProject
Global
	GlobalSection(SolutionConfigurationPlatforms) = preSolution
		Debug|Any CPU = Debug|Any CPU
		Release|Any CPU = Release|Any CPU
	EndGlobalSection
	GlobalSection(ProjectConfigurationPlatforms) = postSolution
		{8CD47C42-8568-411F-81C7-15356B69B2C8}.Debug|Any CPU.ActiveCfg = Debug|Any CPU
		{8CD47C42-8568-411F-81C7-15356B69B2C8}.Debug|Any CPU.Build.0 = Debug|Any CPU
		{8CD47C42-8568-411F-81C7-15356B69B2C8}.Release|Any CPU.ActiveCfg = Release|Any CPU
		{8CD47C42-8568-411F-81C7-15356B69B2C8}.Release|Any CPU.Build.0 = Release|Any CPU
		{C47893C2-E596-43F3-98FF-5E5B82E508D9}.Debug|Any CPU.ActiveCfg = Debug|Any CPU
		{C47893C2-E596-43F3-98FF-5E5B82E508D9}.Debug|Any CPU.Build.0 = Debug|Any CPU
		{C47893C2-E596-43F3-98FF-5E5B82E508D9}.Release|Any CPU.ActiveCfg = Release|Any CPU
		{C47893C2-E596-43F3-98FF-5E5B82E508D9}.Release|Any CPU.Build.0 = Release|Any CPU
		{987B8C98-B6A3-4C6D-A0A5-83FF0666136D}.Debug|Any CPU.ActiveCfg = Debug|Any CPU
		{987B8C98-B6A3-4C6D-A0A5-83FF0666136D}.Debug|Any CPU.Build.0 = Debug|Any CPU
		{987B8C98-B6A3-4C6D-A0A5-83FF0666136D}.Release|Any CPU.ActiveCfg = Release|Any CPU
		{987B8C98-B6A3-4C6D-A0A5-83FF0666136D}.Release|Any CPU.Build.0 = Release|Any CPU
		{E3B1E257-B054-4981-91E0-57DEB35377C6}.Debug|Any CPU.ActiveCfg = Debug|Any CPU
		{E3B1E257-B054-4981-91E0-57DEB35377C6}.Debug|Any CPU.Build.0 = Debug|Any CPU
		{E3B1E257-B054-4981-91E0-57DEB35377C6}.Release|Any CPU.ActiveCfg = Release|Any CPU
		{E3B1E257-B054-4981-91E0-57DEB35377C6}.Release|Any CPU.Build.0 = Release|Any CPU
		{4749FDF9-5DA7-4161-A3C1-C886BE2F951D}.Debug|Any CPU.ActiveCfg = Debug|Any CPU
		{4749FDF9-5DA7-4161-A3C1-C886BE2F951D}.Debug|Any CPU.Build.0 = Debug|Any CPU
		{4749FDF9-5DA7-4161-A3C1-C886BE2F951D}.Release|Any CPU.ActiveCfg = Release|Any CPU
		{4749FDF9-5DA7-4161-A3C1-C886BE2F951D}.Release|Any CPU.Build.0 = Release|Any CPU
		{16C5ED07-1047-4AD6-8552-FDFE12AEDE29}.Debug|Any CPU.ActiveCfg = Debug|Any CPU
		{16C5ED07-1047-4AD6-8552-FDFE12AEDE29}.Debug|Any CPU.Build.0 = Debug|Any CPU
		{16C5ED07-1047-4AD6-8552-FDFE12AEDE29}.Release|Any CPU.ActiveCfg = Release|Any CPU
		{16C5ED07-1047-4AD6-8552-FDFE12AEDE29}.Release|Any CPU.Build.0 = Release|Any CPU
		{A0EC7AC0-BC42-4BB7-BE49-66EF35E7C140}.Debug|Any CPU.ActiveCfg = Debug|Any CPU
		{A0EC7AC0-BC42-4BB7-BE49-66EF35E7C140}.Debug|Any CPU.Build.0 = Debug|Any CPU
		{A0EC7AC0-BC42-4BB7-BE49-66EF35E7C140}.Release|Any CPU.ActiveCfg = Release|Any CPU
		{A0EC7AC0-BC42-4BB7-BE49-66EF35E7C140}.Release|Any CPU.Build.0 = Release|Any CPU
		{3C2B7DA6-982D-4C3F-A999-745042946C9F}.Debug|Any CPU.ActiveCfg = Debug|Any CPU
		{3C2B7DA6-982D-4C3F-A999-745042946C9F}.Debug|Any CPU.Build.0 = Debug|Any CPU
		{3C2B7DA6-982D-4C3F-A999-745042946C9F}.Release|Any CPU.ActiveCfg = Release|Any CPU
		{3C2B7DA6-982D-4C3F-A999-745042946C9F}.Release|Any CPU.Build.0 = Release|Any CPU
		{BD2B90E9-EE6E-46DB-997A-60EEEDC06348}.Debug|Any CPU.ActiveCfg = Debug|Any CPU
		{BD2B90E9-EE6E-46DB-997A-60EEEDC06348}.Debug|Any CPU.Build.0 = Debug|Any CPU
		{BD2B90E9-EE6E-46DB-997A-60EEEDC06348}.Release|Any CPU.ActiveCfg = Release|Any CPU
		{BD2B90E9-EE6E-46DB-997A-60EEEDC06348}.Release|Any CPU.Build.0 = Release|Any CPU
		{E11B699E-2F0B-4E38-ABE5-675EDC0C39F1}.Debug|Any CPU.ActiveCfg = Debug|Any CPU
		{E11B699E-2F0B-4E38-ABE5-675EDC0C39F1}.Debug|Any CPU.Build.0 = Debug|Any CPU
		{E11B699E-2F0B-4E38-ABE5-675EDC0C39F1}.Release|Any CPU.ActiveCfg = Release|Any CPU
		{E11B699E-2F0B-4E38-ABE5-675EDC0C39F1}.Release|Any CPU.Build.0 = Release|Any CPU
		{90EBA86D-E7DA-433C-9B29-C23A83B567A6}.Debug|Any CPU.ActiveCfg = Debug|Any CPU
		{90EBA86D-E7DA-433C-9B29-C23A83B567A6}.Debug|Any CPU.Build.0 = Debug|Any CPU
		{90EBA86D-E7DA-433C-9B29-C23A83B567A6}.Release|Any CPU.ActiveCfg = Release|Any CPU
		{90EBA86D-E7DA-433C-9B29-C23A83B567A6}.Release|Any CPU.Build.0 = Release|Any CPU
		{8410998F-B1DA-43C1-9DFA-2FE16EC23666}.Debug|Any CPU.ActiveCfg = Debug|Any CPU
		{8410998F-B1DA-43C1-9DFA-2FE16EC23666}.Debug|Any CPU.Build.0 = Debug|Any CPU
		{8410998F-B1DA-43C1-9DFA-2FE16EC23666}.Release|Any CPU.ActiveCfg = Release|Any CPU
		{8410998F-B1DA-43C1-9DFA-2FE16EC23666}.Release|Any CPU.Build.0 = Release|Any CPU
		{C4E3B0A7-922B-4578-922A-083F4CB81A0B}.Debug|Any CPU.ActiveCfg = Debug|Any CPU
		{C4E3B0A7-922B-4578-922A-083F4CB81A0B}.Debug|Any CPU.Build.0 = Debug|Any CPU
		{C4E3B0A7-922B-4578-922A-083F4CB81A0B}.Release|Any CPU.ActiveCfg = Release|Any CPU
		{C4E3B0A7-922B-4578-922A-083F4CB81A0B}.Release|Any CPU.Build.0 = Release|Any CPU
		{2EC5C07A-3756-4CAE-8AFA-826D683AE450}.Debug|Any CPU.ActiveCfg = Debug|Any CPU
		{2EC5C07A-3756-4CAE-8AFA-826D683AE450}.Debug|Any CPU.Build.0 = Debug|Any CPU
		{2EC5C07A-3756-4CAE-8AFA-826D683AE450}.Release|Any CPU.ActiveCfg = Release|Any CPU
		{2EC5C07A-3756-4CAE-8AFA-826D683AE450}.Release|Any CPU.Build.0 = Release|Any CPU
		{AA816593-A7D1-4D50-BB07-4F5273D83848}.Debug|Any CPU.ActiveCfg = Debug|Any CPU
		{AA816593-A7D1-4D50-BB07-4F5273D83848}.Debug|Any CPU.Build.0 = Debug|Any CPU
		{AA816593-A7D1-4D50-BB07-4F5273D83848}.Release|Any CPU.ActiveCfg = Release|Any CPU
		{AA816593-A7D1-4D50-BB07-4F5273D83848}.Release|Any CPU.Build.0 = Release|Any CPU
		{595A7269-FACB-4CD7-81A2-553E73EB66A1}.Debug|Any CPU.ActiveCfg = Debug|Any CPU
		{595A7269-FACB-4CD7-81A2-553E73EB66A1}.Debug|Any CPU.Build.0 = Debug|Any CPU
		{595A7269-FACB-4CD7-81A2-553E73EB66A1}.Release|Any CPU.ActiveCfg = Release|Any CPU
		{595A7269-FACB-4CD7-81A2-553E73EB66A1}.Release|Any CPU.Build.0 = Release|Any CPU
		{C12D7107-4941-45D0-830A-DDDF0C7FA1F3}.Debug|Any CPU.ActiveCfg = Debug|Any CPU
		{C12D7107-4941-45D0-830A-DDDF0C7FA1F3}.Debug|Any CPU.Build.0 = Debug|Any CPU
		{C12D7107-4941-45D0-830A-DDDF0C7FA1F3}.Release|Any CPU.ActiveCfg = Release|Any CPU
		{C12D7107-4941-45D0-830A-DDDF0C7FA1F3}.Release|Any CPU.Build.0 = Release|Any CPU
		{DCF4174B-A1AE-4B84-B94A-7B129AE11AD0}.Debug|Any CPU.ActiveCfg = Debug|Any CPU
		{DCF4174B-A1AE-4B84-B94A-7B129AE11AD0}.Debug|Any CPU.Build.0 = Debug|Any CPU
		{DCF4174B-A1AE-4B84-B94A-7B129AE11AD0}.Release|Any CPU.ActiveCfg = Release|Any CPU
		{DCF4174B-A1AE-4B84-B94A-7B129AE11AD0}.Release|Any CPU.Build.0 = Release|Any CPU
		{0164AFA7-71C9-42FB-A430-E5DC18419CAD}.Debug|Any CPU.ActiveCfg = Debug|Any CPU
		{0164AFA7-71C9-42FB-A430-E5DC18419CAD}.Debug|Any CPU.Build.0 = Debug|Any CPU
		{0164AFA7-71C9-42FB-A430-E5DC18419CAD}.Release|Any CPU.ActiveCfg = Release|Any CPU
		{0164AFA7-71C9-42FB-A430-E5DC18419CAD}.Release|Any CPU.Build.0 = Release|Any CPU
		{43BB19FF-7B60-4BF7-B268-3B2F9C727B5F}.Debug|Any CPU.ActiveCfg = Debug|Any CPU
		{43BB19FF-7B60-4BF7-B268-3B2F9C727B5F}.Debug|Any CPU.Build.0 = Debug|Any CPU
		{43BB19FF-7B60-4BF7-B268-3B2F9C727B5F}.Release|Any CPU.ActiveCfg = Release|Any CPU
		{43BB19FF-7B60-4BF7-B268-3B2F9C727B5F}.Release|Any CPU.Build.0 = Release|Any CPU
		{93952764-1F02-4751-9805-9F8E6A0DEBB0}.Debug|Any CPU.ActiveCfg = Debug|Any CPU
		{93952764-1F02-4751-9805-9F8E6A0DEBB0}.Debug|Any CPU.Build.0 = Debug|Any CPU
		{93952764-1F02-4751-9805-9F8E6A0DEBB0}.Release|Any CPU.ActiveCfg = Release|Any CPU
		{93952764-1F02-4751-9805-9F8E6A0DEBB0}.Release|Any CPU.Build.0 = Release|Any CPU
		{5A5FF4BD-CBE7-4BE1-8772-A5E1E889A550}.Debug|Any CPU.ActiveCfg = Debug|Any CPU
		{5A5FF4BD-CBE7-4BE1-8772-A5E1E889A550}.Debug|Any CPU.Build.0 = Debug|Any CPU
		{5A5FF4BD-CBE7-4BE1-8772-A5E1E889A550}.Release|Any CPU.ActiveCfg = Release|Any CPU
		{5A5FF4BD-CBE7-4BE1-8772-A5E1E889A550}.Release|Any CPU.Build.0 = Release|Any CPU
	EndGlobalSection
EndGlobal
